
Microsoft Visual Studio Solution File, Format Version 12.00
# Visual Studio 15
VisualStudioVersion = 15.0.28010.2050
MinimumVisualStudioVersion = 10.0.40219.1
Project("{FAE04EC0-301F-11D3-BF4B-00C04F79EFBC}") = "Example_QueryExtentionMethod", "Example_QueryExtentionMethod\Example_QueryExtentionMethod.csproj", "{FD265B30-F0CF-40EA-8C52-54C99F33F997}"
EndProject
Global
	GlobalSection(SolutionConfigurationPlatforms) = preSolution
		Debug|Any CPU = Debug|Any CPU
		Release|Any CPU = Release|Any CPU
	EndGlobalSection
	GlobalSection(ProjectConfigurationPlatforms) = postSolution
		{FD265B30-F0CF-40EA-8C52-54C99F33F997}.Debug|Any CPU.ActiveCfg = Debug|Any CPU
		{FD265B30-F0CF-40EA-8C52-54C99F33F997}.Debug|Any CPU.Build.0 = Debug|Any CPU
		{FD265B30-F0CF-40EA-8C52-54C99F33F997}.Release|Any CPU.ActiveCfg = Release|Any CPU
		{FD265B30-F0CF-40EA-8C52-54C99F33F997}.Release|Any CPU.Build.0 = Release|Any CPU
	EndGlobalSection
	GlobalSection(SolutionProperties) = preSolution
		HideSolutionNode = FALSE
	EndGlobalSection
	GlobalSection(ExtensibilityGlobals) = postSolution
		SolutionGuid = {423C2DB9-115C-4EFE-8653-C0555072E39E}
	EndGlobalSection
EndGlobal
